// !$*UTF8*$!
{
	archiveVersion = 1;
	classes = {
	};
	objectVersion = 55;
	objects = {

/* Begin PBXBuildFile section */
		04A8B3BE26FAB72400816598 /* obel.h in Headers */ = {isa = PBXBuildFile; fileRef = 04A8B3BD26FAB72400816598 /* obel.h */; settings = {ATTRIBUTES = (Public, ); }; };
		04A8B3D226FACB9800816598 /* vector.h in Headers */ = {isa = PBXBuildFile; fileRef = 04A8B3D026FACB9800816598 /* vector.h */; settings = {ATTRIBUTES = (Public, ); }; };
		04A8B3D326FACB9800816598 /* vector.c in Sources */ = {isa = PBXBuildFile; fileRef = 04A8B3D126FACB9800816598 /* vector.c */; };
		04A8B3D526FAD65E00816598 /* define.h in Headers */ = {isa = PBXBuildFile; fileRef = 04A8B3D426FAD65000816598 /* define.h */; settings = {ATTRIBUTES = (Public, ); }; };
		04CF171926FB7A1A006571F0 /* aabb.h in Headers */ = {isa = PBXBuildFile; fileRef = 04CF171726FB7A1A006571F0 /* aabb.h */; settings = {ATTRIBUTES = (Public, ); }; };
		04CF171A26FB7A1A006571F0 /* aabb.c in Sources */ = {isa = PBXBuildFile; fileRef = 04CF171826FB7A1A006571F0 /* aabb.c */; };
		04CF171C26FB857F006571F0 /* aabb.m in Sources */ = {isa = PBXBuildFile; fileRef = 04CF171B26FB857F006571F0 /* aabb.m */; };
		04CF171F26FC00EA006571F0 /* histogram.h in Headers */ = {isa = PBXBuildFile; fileRef = 04CF171D26FC00EA006571F0 /* histogram.h */; settings = {ATTRIBUTES = (Public, ); }; };
		04CF172026FC00EA006571F0 /* histogram.c in Sources */ = {isa = PBXBuildFile; fileRef = 04CF171E26FC00EA006571F0 /* histogram.c */; };
		04D0EBCF26FADAE000BF2DB5 /* obel.framework in Frameworks */ = {isa = PBXBuildFile; fileRef = 04A8B3BA26FAB72400816598 /* obel.framework */; };
		04D0EBD626FAEAA800BF2DB5 /* vector.m in Sources */ = {isa = PBXBuildFile; fileRef = 04D0EBD526FAEAA800BF2DB5 /* vector.m */; };
		04F4D15F26FD4CEE0085EFDD /* histogram.m in Sources */ = {isa = PBXBuildFile; fileRef = 04F4D15E26FD4CEE0085EFDD /* histogram.m */; };
		04F4D16226FD54A00085EFDD /* cloud.h in Headers */ = {isa = PBXBuildFile; fileRef = 04F4D16026FD54A00085EFDD /* cloud.h */; settings = {ATTRIBUTES = (Public, ); }; };
		04F4D16326FD54A00085EFDD /* cloud.c in Sources */ = {isa = PBXBuildFile; fileRef = 04F4D16126FD54A00085EFDD /* cloud.c */; };
		04F4D16726FD6E0C0085EFDD /* cloud.m in Sources */ = {isa = PBXBuildFile; fileRef = 04F4D16626FD6E0C0085EFDD /* cloud.m */; };
		04F4D16F26FE22020085EFDD /* main.m in Sources */ = {isa = PBXBuildFile; fileRef = 04F4D16E26FE22020085EFDD /* main.m */; };
		04F4D17426FE25000085EFDD /* obel.framework in Frameworks */ = {isa = PBXBuildFile; fileRef = 04A8B3BA26FAB72400816598 /* obel.framework */; };
/* End PBXBuildFile section */

/* Begin PBXContainerItemProxy section */
		04D0EBD026FADAE000BF2DB5 /* PBXContainerItemProxy */ = {
			isa = PBXContainerItemProxy;
			containerPortal = 04A8B3B126FAB72400816598 /* Project object */;
			proxyType = 1;
			remoteGlobalIDString = 04A8B3B926FAB72400816598;
			remoteInfo = obel;
		};
/* End PBXContainerItemProxy section */

/* Begin PBXCopyFilesBuildPhase section */
		04F4D16A26FE22020085EFDD /* CopyFiles */ = {
			isa = PBXCopyFilesBuildPhase;
			buildActionMask = 2147483647;
			dstPath = /usr/share/man/man1/;
			dstSubfolderSpec = 0;
			files = (
			);
			runOnlyForDeploymentPostprocessing = 1;
		};
/* End PBXCopyFilesBuildPhase section */

/* Begin PBXFileReference section */
		04A8B3BA26FAB72400816598 /* obel.framework */ = {isa = PBXFileReference; explicitFileType = wrapper.framework; includeInIndex = 0; path = obel.framework; sourceTree = BUILT_PRODUCTS_DIR; };
		04A8B3BD26FAB72400816598 /* obel.h */ = {isa = PBXFileReference; lastKnownFileType = sourcecode.c.h; path = obel.h; sourceTree = "<group>"; };
		04A8B3D026FACB9800816598 /* vector.h */ = {isa = PBXFileReference; lastKnownFileType = sourcecode.c.h; path = vector.h; sourceTree = "<group>"; };
		04A8B3D126FACB9800816598 /* vector.c */ = {isa = PBXFileReference; lastKnownFileType = sourcecode.c.c; path = vector.c; sourceTree = "<group>"; };
		04A8B3D426FAD65000816598 /* define.h */ = {isa = PBXFileReference; lastKnownFileType = sourcecode.c.h; path = define.h; sourceTree = "<group>"; };
		04CF171726FB7A1A006571F0 /* aabb.h */ = {isa = PBXFileReference; lastKnownFileType = sourcecode.c.h; path = aabb.h; sourceTree = "<group>"; };
		04CF171826FB7A1A006571F0 /* aabb.c */ = {isa = PBXFileReference; lastKnownFileType = sourcecode.c.c; path = aabb.c; sourceTree = "<group>"; };
		04CF171B26FB857F006571F0 /* aabb.m */ = {isa = PBXFileReference; lastKnownFileType = sourcecode.c.objc; path = aabb.m; sourceTree = "<group>"; };
		04CF171D26FC00EA006571F0 /* histogram.h */ = {isa = PBXFileReference; lastKnownFileType = sourcecode.c.h; path = histogram.h; sourceTree = "<group>"; };
		04CF171E26FC00EA006571F0 /* histogram.c */ = {isa = PBXFileReference; lastKnownFileType = sourcecode.c.c; path = histogram.c; sourceTree = "<group>"; };
		04D0EBCB26FADAE000BF2DB5 /* obeltests.xctest */ = {isa = PBXFileReference; explicitFileType = wrapper.cfbundle; includeInIndex = 0; path = obeltests.xctest; sourceTree = BUILT_PRODUCTS_DIR; };
		04D0EBD526FAEAA800BF2DB5 /* vector.m */ = {isa = PBXFileReference; lastKnownFileType = sourcecode.c.objc; path = vector.m; sourceTree = "<group>"; };
		04F4D15E26FD4CEE0085EFDD /* histogram.m */ = {isa = PBXFileReference; lastKnownFileType = sourcecode.c.objc; path = histogram.m; sourceTree = "<group>"; };
		04F4D16026FD54A00085EFDD /* cloud.h */ = {isa = PBXFileReference; lastKnownFileType = sourcecode.c.h; path = cloud.h; sourceTree = "<group>"; };
		04F4D16126FD54A00085EFDD /* cloud.c */ = {isa = PBXFileReference; lastKnownFileType = sourcecode.c.c; path = cloud.c; sourceTree = "<group>"; };
		04F4D16626FD6E0C0085EFDD /* cloud.m */ = {isa = PBXFileReference; lastKnownFileType = sourcecode.c.objc; path = cloud.m; sourceTree = "<group>"; };
		04F4D16C26FE22020085EFDD /* obelresearch */ = {isa = PBXFileReference; explicitFileType = "compiled.mach-o.executable"; includeInIndex = 0; path = obelresearch; sourceTree = BUILT_PRODUCTS_DIR; };
		04F4D16E26FE22020085EFDD /* main.m */ = {isa = PBXFileReference; lastKnownFileType = sourcecode.c.objc; path = main.m; sourceTree = "<group>"; };
/* End PBXFileReference section */

/* Begin PBXFrameworksBuildPhase section */
		04A8B3B726FAB72400816598 /* Frameworks */ = {
			isa = PBXFrameworksBuildPhase;
			buildActionMask = 2147483647;
			files = (
			);
			runOnlyForDeploymentPostprocessing = 0;
		};
		04D0EBC826FADAE000BF2DB5 /* Frameworks */ = {
			isa = PBXFrameworksBuildPhase;
			buildActionMask = 2147483647;
			files = (
				04D0EBCF26FADAE000BF2DB5 /* obel.framework in Frameworks */,
			);
			runOnlyForDeploymentPostprocessing = 0;
		};
		04F4D16926FE22020085EFDD /* Frameworks */ = {
			isa = PBXFrameworksBuildPhase;
			buildActionMask = 2147483647;
			files = (
				04F4D17426FE25000085EFDD /* obel.framework in Frameworks */,
			);
			runOnlyForDeploymentPostprocessing = 0;
		};
/* End PBXFrameworksBuildPhase section */

/* Begin PBXGroup section */
		04A8B3B026FAB72400816598 = {
			isa = PBXGroup;
			children = (
				04A8B3BC26FAB72400816598 /* obel */,
				04F4D16D26FE22020085EFDD /* obelresearch */,
				04D0EBCC26FADAE000BF2DB5 /* obeltests */,
				04A8B3BB26FAB72400816598 /* Products */,
				04F4D17326FE25000085EFDD /* Frameworks */,
			);
			sourceTree = "<group>";
		};
		04A8B3BB26FAB72400816598 /* Products */ = {
			isa = PBXGroup;
			children = (
				04A8B3BA26FAB72400816598 /* obel.framework */,
				04D0EBCB26FADAE000BF2DB5 /* obeltests.xctest */,
				04F4D16C26FE22020085EFDD /* obelresearch */,
			);
			name = Products;
			sourceTree = "<group>";
		};
		04A8B3BC26FAB72400816598 /* obel */ = {
			isa = PBXGroup;
			children = (
				04A8B3BD26FAB72400816598 /* obel.h */,
				04CF171726FB7A1A006571F0 /* aabb.h */,
				04CF171826FB7A1A006571F0 /* aabb.c */,
				04F4D16026FD54A00085EFDD /* cloud.h */,
				04F4D16126FD54A00085EFDD /* cloud.c */,
				04A8B3D426FAD65000816598 /* define.h */,
				04CF171D26FC00EA006571F0 /* histogram.h */,
				04CF171E26FC00EA006571F0 /* histogram.c */,
				04A8B3D026FACB9800816598 /* vector.h */,
				04A8B3D126FACB9800816598 /* vector.c */,
			);
			path = obel;
			sourceTree = "<group>";
		};
		04D0EBCC26FADAE000BF2DB5 /* obeltests */ = {
			isa = PBXGroup;
			children = (
				04CF171B26FB857F006571F0 /* aabb.m */,
				04F4D16626FD6E0C0085EFDD /* cloud.m */,
				04F4D15E26FD4CEE0085EFDD /* histogram.m */,
				04D0EBD526FAEAA800BF2DB5 /* vector.m */,
			);
			path = obeltests;
			sourceTree = "<group>";
		};
		04F4D16D26FE22020085EFDD /* obelresearch */ = {
			isa = PBXGroup;
			children = (
				04F4D16E26FE22020085EFDD /* main.m */,
			);
			path = obelresearch;
			sourceTree = "<group>";
		};
		04F4D17326FE25000085EFDD /* Frameworks */ = {
			isa = PBXGroup;
			children = (
			);
			name = Frameworks;
			sourceTree = "<group>";
		};
/* End PBXGroup section */

/* Begin PBXHeadersBuildPhase section */
		04A8B3B526FAB72400816598 /* Headers */ = {
			isa = PBXHeadersBuildPhase;
			buildActionMask = 2147483647;
			files = (
				04F4D16226FD54A00085EFDD /* cloud.h in Headers */,
				04A8B3D226FACB9800816598 /* vector.h in Headers */,
				04A8B3BE26FAB72400816598 /* obel.h in Headers */,
				04CF171F26FC00EA006571F0 /* histogram.h in Headers */,
				04CF171926FB7A1A006571F0 /* aabb.h in Headers */,
				04A8B3D526FAD65E00816598 /* define.h in Headers */,
			);
			runOnlyForDeploymentPostprocessing = 0;
		};
/* End PBXHeadersBuildPhase section */

/* Begin PBXNativeTarget section */
		04A8B3B926FAB72400816598 /* obel */ = {
			isa = PBXNativeTarget;
			buildConfigurationList = 04A8B3C126FAB72400816598 /* Build configuration list for PBXNativeTarget "obel" */;
			buildPhases = (
				04A8B3B526FAB72400816598 /* Headers */,
				04A8B3B626FAB72400816598 /* Sources */,
				04A8B3B726FAB72400816598 /* Frameworks */,
				04A8B3B826FAB72400816598 /* Resources */,
			);
			buildRules = (
			);
			dependencies = (
			);
			name = obel;
			productName = obel;
			productReference = 04A8B3BA26FAB72400816598 /* obel.framework */;
			productType = "com.apple.product-type.framework";
		};
		04D0EBCA26FADAE000BF2DB5 /* obeltests */ = {
			isa = PBXNativeTarget;
			buildConfigurationList = 04D0EBD226FADAE000BF2DB5 /* Build configuration list for PBXNativeTarget "obeltests" */;
			buildPhases = (
				04D0EBC726FADAE000BF2DB5 /* Sources */,
				04D0EBC826FADAE000BF2DB5 /* Frameworks */,
				04D0EBC926FADAE000BF2DB5 /* Resources */,
			);
			buildRules = (
			);
			dependencies = (
				04D0EBD126FADAE000BF2DB5 /* PBXTargetDependency */,
			);
			name = obeltests;
			productName = obeltests;
			productReference = 04D0EBCB26FADAE000BF2DB5 /* obeltests.xctest */;
			productType = "com.apple.product-type.bundle.unit-test";
		};
		04F4D16B26FE22020085EFDD /* obelresearch */ = {
			isa = PBXNativeTarget;
			buildConfigurationList = 04F4D17026FE22020085EFDD /* Build configuration list for PBXNativeTarget "obelresearch" */;
			buildPhases = (
				04F4D16826FE22020085EFDD /* Sources */,
				04F4D16926FE22020085EFDD /* Frameworks */,
				04F4D16A26FE22020085EFDD /* CopyFiles */,
			);
			buildRules = (
			);
			dependencies = (
			);
			name = obelresearch;
			productName = obelresearch;
			productReference = 04F4D16C26FE22020085EFDD /* obelresearch */;
			productType = "com.apple.product-type.tool";
		};
/* End PBXNativeTarget section */

/* Begin PBXProject section */
		04A8B3B126FAB72400816598 /* Project object */ = {
			isa = PBXProject;
			attributes = {
				BuildIndependentTargetsInParallel = 1;
				LastUpgradeCheck = 1300;
				TargetAttributes = {
					04A8B3B926FAB72400816598 = {
						CreatedOnToolsVersion = 13.0;
					};
					04D0EBCA26FADAE000BF2DB5 = {
						CreatedOnToolsVersion = 13.0;
					};
					04F4D16B26FE22020085EFDD = {
						CreatedOnToolsVersion = 13.0;
					};
				};
			};
			buildConfigurationList = 04A8B3B426FAB72400816598 /* Build configuration list for PBXProject "obel" */;
			compatibilityVersion = "Xcode 13.0";
			developmentRegion = en;
			hasScannedForEncodings = 0;
			knownRegions = (
				en,
				Base,
			);
			mainGroup = 04A8B3B026FAB72400816598;
			productRefGroup = 04A8B3BB26FAB72400816598 /* Products */;
			projectDirPath = "";
			projectRoot = "";
			targets = (
				04A8B3B926FAB72400816598 /* obel */,
				04D0EBCA26FADAE000BF2DB5 /* obeltests */,
				04F4D16B26FE22020085EFDD /* obelresearch */,
			);
		};
/* End PBXProject section */

/* Begin PBXResourcesBuildPhase section */
		04A8B3B826FAB72400816598 /* Resources */ = {
			isa = PBXResourcesBuildPhase;
			buildActionMask = 2147483647;
			files = (
			);
			runOnlyForDeploymentPostprocessing = 0;
		};
		04D0EBC926FADAE000BF2DB5 /* Resources */ = {
			isa = PBXResourcesBuildPhase;
			buildActionMask = 2147483647;
			files = (
			);
			runOnlyForDeploymentPostprocessing = 0;
		};
/* End PBXResourcesBuildPhase section */

/* Begin PBXSourcesBuildPhase section */
		04A8B3B626FAB72400816598 /* Sources */ = {
			isa = PBXSourcesBuildPhase;
			buildActionMask = 2147483647;
			files = (
				04CF172026FC00EA006571F0 /* histogram.c in Sources */,
				04A8B3D326FACB9800816598 /* vector.c in Sources */,
				04CF171A26FB7A1A006571F0 /* aabb.c in Sources */,
				04F4D16326FD54A00085EFDD /* cloud.c in Sources */,
			);
			runOnlyForDeploymentPostprocessing = 0;
		};
		04D0EBC726FADAE000BF2DB5 /* Sources */ = {
			isa = PBXSourcesBuildPhase;
			buildActionMask = 2147483647;
			files = (
				04F4D15F26FD4CEE0085EFDD /* histogram.m in Sources */,
				04F4D16726FD6E0C0085EFDD /* cloud.m in Sources */,
				04D0EBD626FAEAA800BF2DB5 /* vector.m in Sources */,
				04CF171C26FB857F006571F0 /* aabb.m in Sources */,
			);
			runOnlyForDeploymentPostprocessing = 0;
		};
		04F4D16826FE22020085EFDD /* Sources */ = {
			isa = PBXSourcesBuildPhase;
			buildActionMask = 2147483647;
			files = (
				04F4D16F26FE22020085EFDD /* main.m in Sources */,
			);
			runOnlyForDeploymentPostprocessing = 0;
		};
/* End PBXSourcesBuildPhase section */

/* Begin PBXTargetDependency section */
		04D0EBD126FADAE000BF2DB5 /* PBXTargetDependency */ = {
			isa = PBXTargetDependency;
			target = 04A8B3B926FAB72400816598 /* obel */;
			targetProxy = 04D0EBD026FADAE000BF2DB5 /* PBXContainerItemProxy */;
		};
/* End PBXTargetDependency section */

/* Begin XCBuildConfiguration section */
		04A8B3BF26FAB72400816598 /* Debug */ = {
			isa = XCBuildConfiguration;
			buildSettings = {
				ALWAYS_SEARCH_USER_PATHS = NO;
				CLANG_ANALYZER_NONNULL = YES;
				CLANG_ANALYZER_NUMBER_OBJECT_CONVERSION = YES_AGGRESSIVE;
				CLANG_CXX_LANGUAGE_STANDARD = "gnu++17";
				CLANG_CXX_LIBRARY = "libc++";
				CLANG_ENABLE_MODULES = YES;
				CLANG_ENABLE_OBJC_ARC = YES;
				CLANG_ENABLE_OBJC_WEAK = YES;
				CLANG_WARN_BLOCK_CAPTURE_AUTORELEASING = YES;
				CLANG_WARN_BOOL_CONVERSION = YES;
				CLANG_WARN_COMMA = YES;
				CLANG_WARN_CONSTANT_CONVERSION = YES;
				CLANG_WARN_DEPRECATED_OBJC_IMPLEMENTATIONS = YES;
				CLANG_WARN_DIRECT_OBJC_ISA_USAGE = YES_ERROR;
				CLANG_WARN_DOCUMENTATION_COMMENTS = YES;
				CLANG_WARN_EMPTY_BODY = YES;
				CLANG_WARN_ENUM_CONVERSION = YES;
				CLANG_WARN_INFINITE_RECURSION = YES;
				CLANG_WARN_INT_CONVERSION = YES;
				CLANG_WARN_NON_LITERAL_NULL_CONVERSION = YES;
				CLANG_WARN_OBJC_IMPLICIT_RETAIN_SELF = YES;
				CLANG_WARN_OBJC_LITERAL_CONVERSION = YES;
				CLANG_WARN_OBJC_ROOT_CLASS = YES_ERROR;
				CLANG_WARN_QUOTED_INCLUDE_IN_FRAMEWORK_HEADER = YES;
				CLANG_WARN_RANGE_LOOP_ANALYSIS = YES;
				CLANG_WARN_STRICT_PROTOTYPES = YES;
				CLANG_WARN_SUSPICIOUS_MOVE = YES;
				CLANG_WARN_UNGUARDED_AVAILABILITY = YES_AGGRESSIVE;
				CLANG_WARN_UNREACHABLE_CODE = YES;
				CLANG_WARN__DUPLICATE_METHOD_MATCH = YES;
				COPY_PHASE_STRIP = NO;
				CURRENT_PROJECT_VERSION = 1;
				DEBUG_INFORMATION_FORMAT = dwarf;
				ENABLE_STRICT_OBJC_MSGSEND = YES;
				ENABLE_TESTABILITY = YES;
				GCC_C_LANGUAGE_STANDARD = gnu11;
				GCC_DYNAMIC_NO_PIC = NO;
				GCC_NO_COMMON_BLOCKS = YES;
				GCC_OPTIMIZATION_LEVEL = 0;
				GCC_PREPROCESSOR_DEFINITIONS = (
					"DEBUG=1",
					"$(inherited)",
				);
				GCC_WARN_64_TO_32_BIT_CONVERSION = YES;
				GCC_WARN_ABOUT_RETURN_TYPE = YES_ERROR;
				GCC_WARN_UNDECLARED_SELECTOR = YES;
				GCC_WARN_UNINITIALIZED_AUTOS = YES_AGGRESSIVE;
				GCC_WARN_UNUSED_FUNCTION = YES;
				GCC_WARN_UNUSED_VARIABLE = YES;
				MACOSX_DEPLOYMENT_TARGET = 11.3;
				MTL_ENABLE_DEBUG_INFO = INCLUDE_SOURCE;
				MTL_FAST_MATH = YES;
				ONLY_ACTIVE_ARCH = YES;
				SDKROOT = macosx;
				VERSIONING_SYSTEM = "apple-generic";
				VERSION_INFO_PREFIX = "";
			};
			name = Debug;
		};
		04A8B3C026FAB72400816598 /* Release */ = {
			isa = XCBuildConfiguration;
			buildSettings = {
				ALWAYS_SEARCH_USER_PATHS = NO;
				CLANG_ANALYZER_NONNULL = YES;
				CLANG_ANALYZER_NUMBER_OBJECT_CONVERSION = YES_AGGRESSIVE;
				CLANG_CXX_LANGUAGE_STANDARD = "gnu++17";
				CLANG_CXX_LIBRARY = "libc++";
				CLANG_ENABLE_MODULES = YES;
				CLANG_ENABLE_OBJC_ARC = YES;
				CLANG_ENABLE_OBJC_WEAK = YES;
				CLANG_WARN_BLOCK_CAPTURE_AUTORELEASING = YES;
				CLANG_WARN_BOOL_CONVERSION = YES;
				CLANG_WARN_COMMA = YES;
				CLANG_WARN_CONSTANT_CONVERSION = YES;
				CLANG_WARN_DEPRECATED_OBJC_IMPLEMENTATIONS = YES;
				CLANG_WARN_DIRECT_OBJC_ISA_USAGE = YES_ERROR;
				CLANG_WARN_DOCUMENTATION_COMMENTS = YES;
				CLANG_WARN_EMPTY_BODY = YES;
				CLANG_WARN_ENUM_CONVERSION = YES;
				CLANG_WARN_INFINITE_RECURSION = YES;
				CLANG_WARN_INT_CONVERSION = YES;
				CLANG_WARN_NON_LITERAL_NULL_CONVERSION = YES;
				CLANG_WARN_OBJC_IMPLICIT_RETAIN_SELF = YES;
				CLANG_WARN_OBJC_LITERAL_CONVERSION = YES;
				CLANG_WARN_OBJC_ROOT_CLASS = YES_ERROR;
				CLANG_WARN_QUOTED_INCLUDE_IN_FRAMEWORK_HEADER = YES;
				CLANG_WARN_RANGE_LOOP_ANALYSIS = YES;
				CLANG_WARN_STRICT_PROTOTYPES = YES;
				CLANG_WARN_SUSPICIOUS_MOVE = YES;
				CLANG_WARN_UNGUARDED_AVAILABILITY = YES_AGGRESSIVE;
				CLANG_WARN_UNREACHABLE_CODE = YES;
				CLANG_WARN__DUPLICATE_METHOD_MATCH = YES;
				COPY_PHASE_STRIP = NO;
				CURRENT_PROJECT_VERSION = 1;
				DEBUG_INFORMATION_FORMAT = "dwarf-with-dsym";
				ENABLE_NS_ASSERTIONS = NO;
				ENABLE_STRICT_OBJC_MSGSEND = YES;
				GCC_C_LANGUAGE_STANDARD = gnu11;
				GCC_NO_COMMON_BLOCKS = YES;
				GCC_WARN_64_TO_32_BIT_CONVERSION = YES;
				GCC_WARN_ABOUT_RETURN_TYPE = YES_ERROR;
				GCC_WARN_UNDECLARED_SELECTOR = YES;
				GCC_WARN_UNINITIALIZED_AUTOS = YES_AGGRESSIVE;
				GCC_WARN_UNUSED_FUNCTION = YES;
				GCC_WARN_UNUSED_VARIABLE = YES;
				MACOSX_DEPLOYMENT_TARGET = 11.3;
				MTL_ENABLE_DEBUG_INFO = NO;
				MTL_FAST_MATH = YES;
				SDKROOT = macosx;
				VERSIONING_SYSTEM = "apple-generic";
				VERSION_INFO_PREFIX = "";
			};
			name = Release;
		};
		04A8B3C226FAB72400816598 /* Debug */ = {
			isa = XCBuildConfiguration;
			buildSettings = {
				CODE_SIGN_STYLE = Automatic;
				COMBINE_HIDPI_IMAGES = YES;
				CURRENT_PROJECT_VERSION = 1;
				DEFINES_MODULE = YES;
				DEVELOPMENT_TEAM = LVFKAL5KFM;
				DYLIB_COMPATIBILITY_VERSION = 1;
				DYLIB_CURRENT_VERSION = 1;
				DYLIB_INSTALL_NAME_BASE = "@rpath";
				GCC_WARN_UNUSED_FUNCTION = NO;
				GENERATE_INFOPLIST_FILE = YES;
				INFOPLIST_KEY_NSHumanReadableCopyright = "";
				INSTALL_PATH = "$(LOCAL_LIBRARY_DIR)/Frameworks";
				LD_RUNPATH_SEARCH_PATHS = (
					"$(inherited)",
					"@executable_path/../Frameworks",
					"@loader_path/Frameworks",
				);
				MACH_O_TYPE = staticlib;
				MARKETING_VERSION = 1.0;
				PRODUCT_BUNDLE_IDENTIFIER = com.jmousseau.obel;
				PRODUCT_NAME = "$(TARGET_NAME:c99extidentifier)";
				SKIP_INSTALL = YES;
				SWIFT_EMIT_LOC_STRINGS = YES;
			};
			name = Debug;
		};
		04A8B3C326FAB72400816598 /* Release */ = {
			isa = XCBuildConfiguration;
			buildSettings = {
				CODE_SIGN_STYLE = Automatic;
				COMBINE_HIDPI_IMAGES = YES;
				CURRENT_PROJECT_VERSION = 1;
				DEFINES_MODULE = YES;
				DEVELOPMENT_TEAM = LVFKAL5KFM;
				DYLIB_COMPATIBILITY_VERSION = 1;
				DYLIB_CURRENT_VERSION = 1;
				DYLIB_INSTALL_NAME_BASE = "@rpath";
				GCC_WARN_UNUSED_FUNCTION = NO;
				GENERATE_INFOPLIST_FILE = YES;
				INFOPLIST_KEY_NSHumanReadableCopyright = "";
				INSTALL_PATH = "$(LOCAL_LIBRARY_DIR)/Frameworks";
				LD_RUNPATH_SEARCH_PATHS = (
					"$(inherited)",
					"@executable_path/../Frameworks",
					"@loader_path/Frameworks",
				);
				MACH_O_TYPE = staticlib;
				MARKETING_VERSION = 1.0;
				PRODUCT_BUNDLE_IDENTIFIER = com.jmousseau.obel;
				PRODUCT_NAME = "$(TARGET_NAME:c99extidentifier)";
				SKIP_INSTALL = YES;
				SWIFT_EMIT_LOC_STRINGS = YES;
			};
			name = Release;
		};
		04D0EBD326FADAE000BF2DB5 /* Debug */ = {
			isa = XCBuildConfiguration;
			buildSettings = {
				CODE_SIGN_STYLE = Automatic;
				COMBINE_HIDPI_IMAGES = YES;
				CURRENT_PROJECT_VERSION = 1;
				DEVELOPMENT_TEAM = LVFKAL5KFM;
				GENERATE_INFOPLIST_FILE = YES;
				LD_RUNPATH_SEARCH_PATHS = (
					"$(inherited)",
					"@executable_path/../Frameworks",
					"@loader_path/../Frameworks",
				);
				MARKETING_VERSION = 1.0;
				PRODUCT_BUNDLE_IDENTIFIER = com.jmousseau.obeltests;
				PRODUCT_NAME = "$(TARGET_NAME)";
				SWIFT_EMIT_LOC_STRINGS = NO;
			};
			name = Debug;
		};
		04D0EBD426FADAE000BF2DB5 /* Release */ = {
			isa = XCBuildConfiguration;
			buildSettings = {
				CODE_SIGN_STYLE = Automatic;
				COMBINE_HIDPI_IMAGES = YES;
				CURRENT_PROJECT_VERSION = 1;
				DEVELOPMENT_TEAM = LVFKAL5KFM;
				GENERATE_INFOPLIST_FILE = YES;
				LD_RUNPATH_SEARCH_PATHS = (
					"$(inherited)",
					"@executable_path/../Frameworks",
					"@loader_path/../Frameworks",
				);
				MARKETING_VERSION = 1.0;
				PRODUCT_BUNDLE_IDENTIFIER = com.jmousseau.obeltests;
				PRODUCT_NAME = "$(TARGET_NAME)";
				SWIFT_EMIT_LOC_STRINGS = NO;
			};
			name = Release;
		};
		04F4D17126FE22020085EFDD /* Debug */ = {
			isa = XCBuildConfiguration;
			buildSettings = {
				CODE_SIGN_STYLE = Automatic;
				DEVELOPMENT_TEAM = LVFKAL5KFM;
				ENABLE_HARDENED_RUNTIME = YES;
				PRODUCT_NAME = "$(TARGET_NAME)";
			};
			name = Debug;
		};
		04F4D17226FE22020085EFDD /* Release */ = {
			isa = XCBuildConfiguration;
			buildSettings = {
				CODE_SIGN_STYLE = Automatic;
				DEVELOPMENT_TEAM = LVFKAL5KFM;
				ENABLE_HARDENED_RUNTIME = YES;
				PRODUCT_NAME = "$(TARGET_NAME)";
			};
			name = Release;
		};
/* End XCBuildConfiguration section */

/* Begin XCConfigurationList section */
		04A8B3B426FAB72400816598 /* Build configuration list for PBXProject "obel" */ = {
			isa = XCConfigurationList;
			buildConfigurations = (
				04A8B3BF26FAB72400816598 /* Debug */,
				04A8B3C026FAB72400816598 /* Release */,
			);
			defaultConfigurationIsVisible = 0;
			defaultConfigurationName = Release;
		};
		04A8B3C126FAB72400816598 /* Build configuration list for PBXNativeTarget "obel" */ = {
			isa = XCConfigurationList;
			buildConfigurations = (
				04A8B3C226FAB72400816598 /* Debug */,
				04A8B3C326FAB72400816598 /* Release */,
			);
			defaultConfigurationIsVisible = 0;
			defaultConfigurationName = Release;
		};
		04D0EBD226FADAE000BF2DB5 /* Build configuration list for PBXNativeTarget "obeltests" */ = {
			isa = XCConfigurationList;
			buildConfigurations = (
				04D0EBD326FADAE000BF2DB5 /* Debug */,
				04D0EBD426FADAE000BF2DB5 /* Release */,
			);
			defaultConfigurationIsVisible = 0;
			defaultConfigurationName = Release;
		};
		04F4D17026FE22020085EFDD /* Build configuration list for PBXNativeTarget "obelresearch" */ = {
			isa = XCConfigurationList;
			buildConfigurations = (
				04F4D17126FE22020085EFDD /* Debug */,
				04F4D17226FE22020085EFDD /* Release */,
			);
			defaultConfigurationIsVisible = 0;
			defaultConfigurationName = Release;
		};
/* End XCConfigurationList section */
	};
	rootObject = 04A8B3B126FAB72400816598 /* Project object */;
}
